
Microsoft Visual Studio Solution File, Format Version 12.00
# Visual Studio Version 16
VisualStudioVersion = 16.0.28803.452
MinimumVisualStudioVersion = 10.0.40219.1
Project("{FAE04EC0-301F-11D3-BF4B-00C04F79EFBC}") = "WASKOTask", "WASKOTask\WASKOTask.csproj", "{809EA51F-0687-4588-ACFE-1BA116DFEC42}"
EndProject
Project("{FAE04EC0-301F-11D3-BF4B-00C04F79EFBC}") = "RegexTesting", "RegexTesting\RegexTesting.csproj", "{22F063C0-50B8-45C9-A3E2-F9931434C5B4}"
EndProject
Global
	GlobalSection(SolutionConfigurationPlatforms) = preSolution
		Debug|Any CPU = Debug|Any CPU
		Release|Any CPU = Release|Any CPU
	EndGlobalSection
	GlobalSection(ProjectConfigurationPlatforms) = postSolution
		{809EA51F-0687-4588-ACFE-1BA116DFEC42}.Debug|Any CPU.ActiveCfg = Debug|Any CPU
		{809EA51F-0687-4588-ACFE-1BA116DFEC42}.Debug|Any CPU.Build.0 = Debug|Any CPU
		{809EA51F-0687-4588-ACFE-1BA116DFEC42}.Release|Any CPU.ActiveCfg = Release|Any CPU
		{809EA51F-0687-4588-ACFE-1BA116DFEC42}.Release|Any CPU.Build.0 = Release|Any CPU
		{22F063C0-50B8-45C9-A3E2-F9931434C5B4}.Debug|Any CPU.ActiveCfg = Debug|Any CPU
		{22F063C0-50B8-45C9-A3E2-F9931434C5B4}.Debug|Any CPU.Build.0 = Debug|Any CPU
		{22F063C0-50B8-45C9-A3E2-F9931434C5B4}.Release|Any CPU.ActiveCfg = Release|Any CPU
		{22F063C0-50B8-45C9-A3E2-F9931434C5B4}.Release|Any CPU.Build.0 = Release|Any CPU
	EndGlobalSection
	GlobalSection(SolutionProperties) = preSolution
		HideSolutionNode = FALSE
	EndGlobalSection
	GlobalSection(ExtensibilityGlobals) = postSolution
		SolutionGuid = {5699B74F-B868-4A9C-8436-C72795C18C93}
	EndGlobalSection
EndGlobal
